{
  "name": "@rbxts/rbxts-airfoil",
  "version": "1.0.0",
  "lockfileVersion": 2,
  "requires": true,
  "packages": {
    "": {
      "name": "@rbxts/rbxts-airfoil",
      "version": "1.0.0",
      "license": "ISC",
      "devDependencies": {
        "@rbxts/compiler-types": "^1.2.8-types.1",
        "@rbxts/types": "^1.0.566",
        "typescript": "^4.5.4"
      }
    },
    "node_modules/@rbxts/compiler-types": {
      "version": "1.2.8-types.1",
      "resolved": "https://registry.npmjs.org/@rbxts/compiler-types/-/compiler-types-1.2.8-types.1.tgz",
      "integrity": "sha512-lLcOa8OYJWtVnsYRrX6vc++B1fSVff979+sZ83Wo+Foa9YMf4kqcen/ydhUnu35qinggOYzyB8IUZ3qi7n5eBA==",
      "dev": true
    },
    "node_modules/@rbxts/types": {
      "version": "1.0.566",
      "resolved": "https://registry.npmjs.org/@rbxts/types/-/types-1.0.566.tgz",
      "integrity": "sha512-6qshBrFeetKxgVoxL2kW4mVIadF5ACa+LzrGKUkyuSvbPszugFUpxVrCfstKuimKNHLkggTgKkoZAnEY6iv/fQ==",
      "dev": true
    },
    "node_modules/typescript": {
      "version": "4.5.4",
      "resolved": "https://registry.npmjs.org/typescript/-/typescript-4.5.4.tgz",
      "integrity": "sha512-VgYs2A2QIRuGphtzFV7aQJduJ2gyfTljngLzjpfW9FoYZF6xuw1W0vW9ghCKLfcWrCFxK81CSGRAvS1pn4fIUg==",
      "dev": true,
      "bin": {
        "tsc": "bin/tsc",
        "tsserver": "bin/tsserver"
      },
      "engines": {
        "node": ">=4.2.0"
      }
    }
  },
  "dependencies": {
    "@rbxts/compiler-types": {
      "version": "1.2.8-types.1",
      "resolved": "https://registry.npmjs.org/@rbxts/compiler-types/-/compiler-types-1.2.8-types.1.tgz",
      "integrity": "sha512-lLcOa8OYJWtVnsYRrX6vc++B1fSVff979+sZ83Wo+Foa9YMf4kqcen/ydhUnu35qinggOYzyB8IUZ3qi7n5eBA==",
      "dev": true
    },
    "@rbxts/types": {
      "version": "1.0.566",
      "resolved": "https://registry.npmjs.org/@rbxts/types/-/types-1.0.566.tgz",
      "integrity": "sha512-6qshBrFeetKxgVoxL2kW4mVIadF5ACa+LzrGKUkyuSvbPszugFUpxVrCfstKuimKNHLkggTgKkoZAnEY6iv/fQ==",
      "dev": true
    },
    "typescript": {
      "version": "4.5.4",
      "resolved": "https://registry.npmjs.org/typescript/-/typescript-4.5.4.tgz",
      "integrity": "sha512-VgYs2A2QIRuGphtzFV7aQJduJ2gyfTljngLzjpfW9FoYZF6xuw1W0vW9ghCKLfcWrCFxK81CSGRAvS1pn4fIUg==",
      "dev": true
    }
  }
}
